PODS:
  - HZPGDatePicker (0.0.1)
  - HZPGPickerView (1.3.3)

DEPENDENCIES:
  - HZPGDatePicker (from `../`)
  - HZPGPickerView

SPEC REPOS:
  https://github.com/CocoaPods/Specs.git:
    - HZPGPickerView

EXTERNAL SOURCES:
  HZPGDatePicker:
    :path: "../"

SPEC CHECKSUMS:
  HZPGDatePicker: 1158ec31f0d9d2e745fba8f9939a5b12604070bf
  HZPGPickerView: e9b8a078e17756933ad7cf9885de2043f393951f

PODFILE CHECKSUM: 10f71e9e49b785c2177cbf43033cb5565046cc49

COCOAPODS: 1.5.0
